<?xml version="1.0" encoding="utf-8"?>
<Project ToolsVersion="4.0" xmlns="http://schemas.microsoft.com/developer/msbuild/2003">
  <ItemGroup>
    <Filter Include="Source Files">
      <UniqueIdentifier>{4FC737F1-C7A5-4376-A066-2A32D752A2FF}</UniqueIdentifier>
      <Extensions>cpp;c;cc;cxx;def;odl;idl;hpj;bat;asm;asmx</Extensions>
    </Filter>
    <Filter Include="Header Files">
      <UniqueIdentifier>{93995380-89BD-4b04-88EB-625FBE52EBFB}</UniqueIdentifier>
      <Extensions>h;hpp;hxx;hm;inl;inc;xsd</Extensions>
    </Filter>
    <Filter Include="Resource Files">
      <UniqueIdentifier>{67DA6AB6-F800-4c08-8B7A-83BB121AAD01}</UniqueIdentifier>
      <Extensions>rc;ico;cur;bmp;dlg;rc2;rct;bin;rgs;gif;jpg;jpeg;jpe;resx;tiff;tif;png;wav;mfcribbon-ms</Extensions>
    </Filter>
    <Filter Include="Header Files\StateMachine">
      <UniqueIdentifier>{ddd35745-395e-496c-9110-f4c8beb62e72}</UniqueIdentifier>
    </Filter>
    <Filter Include="Header Files\PlayerData">
      <UniqueIdentifier>{ef310aeb-a325-4799-a114-88b57c74b8ee}</UniqueIdentifier>
    </Filter>
  </ItemGroup>
  <ItemGroup>
    <ClCompile Include="..\main.cpp">
      <Filter>Source Files</Filter>
    </ClCompile>
    <ClCompile Include="Rock.cpp">
      <Filter>Source Files</Filter>
    </ClCompile>
    <ClCompile Include="ShuffleBoardGame.cpp">
      <Filter>Source Files</Filter>
    </ClCompile>
    <ClCompile Include="GameObject.cpp">
      <Filter>Source Files</Filter>
    </ClCompile>
    <ClCompile Include="GameManager.cpp">
      <Filter>Source Files</Filter>
    </ClCompile>
    <ClCompile Include="InGameState.cpp">
      <Filter>Header Files\StateMachine</Filter>
    </ClCompile>
    <ClCompile Include="TitleScreenState.cpp">
      <Filter>Header Files\StateMachine</Filter>
    </ClCompile>
    <ClCompile Include="AimState.cpp">
      <Filter>Header Files\StateMachine</Filter>
    </ClCompile>
    <ClCompile Include="PlayerData.cpp">
      <Filter>Header Files\PlayerData</Filter>
    </ClCompile>
    <ClCompile Include="PlaySequenceState.cpp">
      <Filter>Header Files\StateMachine</Filter>
    </ClCompile>
    <ClCompile Include="EndOfThrowState.cpp">
      <Filter>Header Files\StateMachine</Filter>
    </ClCompile>
    <ClCompile Include="ThrowState.cpp">
      <Filter>Header Files\StateMachine</Filter>
    </ClCompile>
    <ClCompile Include="InstructionsState.cpp">
      <Filter>Header Files\StateMachine</Filter>
    </ClCompile>
  </ItemGroup>
  <ItemGroup>
    <ClInclude Include="Rock.h">
      <Filter>Header Files</Filter>
    </ClInclude>
    <ClInclude Include="Player.h">
      <Filter>Header Files</Filter>
    </ClInclude>
    <ClInclude Include="AimState.h">
      <Filter>Header Files\StateMachine</Filter>
    </ClInclude>
    <ClInclude Include="EndOfThrowState.h">
      <Filter>Header Files\StateMachine</Filter>
    </ClInclude>
    <ClInclude Include="GameOverState.h">
      <Filter>Header Files\StateMachine</Filter>
    </ClInclude>
    <ClInclude Include="InGameState.h">
      <Filter>Header Files\StateMachine</Filter>
    </ClInclude>
    <ClInclude Include="MasterGameState.h">
      <Filter>Header Files\StateMachine</Filter>
    </ClInclude>
    <ClInclude Include="PlayerState.h">
      <Filter>Header Files\StateMachine</Filter>
    </ClInclude>
    <ClInclude Include="ShuffleBoardGame.h">
      <Filter>Header Files\StateMachine</Filter>
    </ClInclude>
    <ClInclude Include="State.h">
      <Filter>Header Files\StateMachine</Filter>
    </ClInclude>
    <ClInclude Include="ThrowState.h">
      <Filter>Header Files\StateMachine</Filter>
    </ClInclude>
    <ClInclude Include="TitleScreenState.h">
      <Filter>Header Files\StateMachine</Filter>
    </ClInclude>
    <ClInclude Include="GameObject.h">
      <Filter>Header Files</Filter>
    </ClInclude>
    <ClInclude Include="DMotionState.h">
      <Filter>Header Files</Filter>
    </ClInclude>
    <ClInclude Include="GameManager.h">
      <Filter>Header Files</Filter>
    </ClInclude>
    <ClInclude Include="PlayerData.h">
      <Filter>Header Files\PlayerData</Filter>
    </ClInclude>
    <ClInclude Include="PlaySequenceState.h">
      <Filter>Header Files\StateMachine</Filter>
    </ClInclude>
    <ClInclude Include="InstructionsState.h">
      <Filter>Header Files\StateMachine</Filter>
    </ClInclude>
  </ItemGroup>
</Project>